<?xml version="1.0" encoding="utf-8"?>
<Project ToolsVersion="4.0" xmlns="http://schemas.microsoft.com/developer/msbuild/2003">
  <ItemGroup>
    <Filter Include="Source Files">
      <UniqueIdentifier>{b6b3bb4e-b919-49dd-a463-adcf46022ea7}</UniqueIdentifier>
      <Extensions>cpp;c;cxx;rc;def;r;odl;idl;hpj;bat</Extensions>
    </Filter>
    <Filter Include="Header Files">
      <UniqueIdentifier>{7767f03b-cc7c-4f77-9bd1-0c9776c4e78f}</UniqueIdentifier>
      <Extensions>h;hpp;hxx;hm;inl</Extensions>
    </Filter>
    <Filter Include="Resource Files">
      <UniqueIdentifier>{d30ef15e-e83a-400a-a600-a9366872c414}</UniqueIdentifier>
      <Extensions>ico;cur;bmp;dlg;rc2;rct;bin;rgs;gif;jpg;jpeg;jpe</Extensions>
    </Filter>
  </ItemGroup>
  <ItemGroup>
    <ClCompile Include="AboutDlg.cpp">
      <Filter>Source Files</Filter>
    </ClCompile>
    <ClCompile Include="DirTreeCtrl.cpp">
      <Filter>Source Files</Filter>
    </ClCompile>
    <ClCompile Include="DlgResults.cpp">
      <Filter>Source Files</Filter>
    </ClCompile>
    <ClCompile Include="Encoding.cpp">
      <Filter>Source Files</Filter>
    </ClCompile>
    <ClCompile Include="MFZ_Commands.cpp">
      <Filter>Source Files</Filter>
    </ClCompile>
    <ClCompile Include="MFZ_FileFunctions.cpp">
      <Filter>Source Files</Filter>
    </ClCompile>
    <ClCompile Include="MFZ_Registry.cpp">
      <Filter>Source Files</Filter>
    </ClCompile>
    <ClCompile Include="MFZ_Reports.cpp">
      <Filter>Source Files</Filter>
    </ClCompile>
    <ClCompile Include="MFZ_Thread.cpp">
      <Filter>Source Files</Filter>
    </ClCompile>
    <ClCompile Include="MultiFilez.cpp">
      <Filter>Source Files</Filter>
    </ClCompile>
    <ClCompile Include="MultiFilezDlg.cpp">
      <Filter>Source Files</Filter>
    </ClCompile>
    <ClCompile Include="ParseString.cpp">
      <Filter>Source Files</Filter>
    </ClCompile>
    <ClCompile Include="RegistryKey.cpp">
      <Filter>Source Files</Filter>
    </ClCompile>
    <ClCompile Include="SortStringArray.cpp">
      <Filter>Source Files</Filter>
    </ClCompile>
    <ClCompile Include="SplashDlg.cpp">
      <Filter>Source Files</Filter>
    </ClCompile>
    <ClCompile Include="StdAfx.cpp">
      <Filter>Source Files</Filter>
    </ClCompile>
  </ItemGroup>
  <ItemGroup>
    <ResourceCompile Include="MultiFilez.rc">
      <Filter>Source Files</Filter>
    </ResourceCompile>
  </ItemGroup>
  <ItemGroup>
    <ClInclude Include="AboutDlg.h">
      <Filter>Header Files</Filter>
    </ClInclude>
    <ClInclude Include="..\..\DevStudio\VC98\Include\BASETSD.H">
      <Filter>Header Files</Filter>
    </ClInclude>
    <ClInclude Include="DirTreeCtrl.h">
      <Filter>Header Files</Filter>
    </ClInclude>
    <ClInclude Include="DlgResults.h">
      <Filter>Header Files</Filter>
    </ClInclude>
    <ClInclude Include="encoding.h">
      <Filter>Header Files</Filter>
    </ClInclude>
    <ClInclude Include="MFZ_Defines.h">
      <Filter>Header Files</Filter>
    </ClInclude>
    <ClInclude Include="MultiFilez.h">
      <Filter>Header Files</Filter>
    </ClInclude>
    <ClInclude Include="MultiFilezDlg.h">
      <Filter>Header Files</Filter>
    </ClInclude>
    <ClInclude Include="ParseString.h">
      <Filter>Header Files</Filter>
    </ClInclude>
    <ClInclude Include="RegistryKey.h">
      <Filter>Header Files</Filter>
    </ClInclude>
    <ClInclude Include="Resource.h">
      <Filter>Header Files</Filter>
    </ClInclude>
    <ClInclude Include="SortStringArray.h">
      <Filter>Header Files</Filter>
    </ClInclude>
    <ClInclude Include="SplashDlg.h">
      <Filter>Header Files</Filter>
    </ClInclude>
    <ClInclude Include="StdAfx.h">
      <Filter>Header Files</Filter>
    </ClInclude>
  </ItemGroup>
  <ItemGroup>
    <CustomBuild Include="res\commands.bmp">
      <Filter>Resource Files</Filter>
    </CustomBuild>
    <CustomBuild Include="res\lv_statu.bmp">
      <Filter>Resource Files</Filter>
    </CustomBuild>
    <CustomBuild Include="res\MultiFilez.ico">
      <Filter>Resource Files</Filter>
    </CustomBuild>
    <CustomBuild Include="res\MultiFilez.rc2">
      <Filter>Resource Files</Filter>
    </CustomBuild>
    <CustomBuild Include="res\splash.bmp">
      <Filter>Resource Files</Filter>
    </CustomBuild>
    <CustomBuild Include="ReadMe.txt" />
  </ItemGroup>
</Project>